
Microsoft Visual Studio Solution File, Format Version 12.00
# Visual Studio 15
VisualStudioVersion = 15.0.27130.2036
MinimumVisualStudioVersion = 10.0.40219.1
Project("{FAE04EC0-301F-11D3-BF4B-00C04F79EFBC}") = "ExampleListView.Android", "ExampleListView\ExampleListView.Android\ExampleListView.Android.csproj", "{B5650A71-E412-480D-9D8D-7553229A1511}"
EndProject
Project("{FAE04EC0-301F-11D3-BF4B-00C04F79EFBC}") = "ExampleListView.UWP", "ExampleListView\ExampleListView.UWP\ExampleListView.UWP.csproj", "{7BB3B27F-D875-4E79-9FBD-6F423E7282FC}"
EndProject
Project("{FAE04EC0-301F-11D3-BF4B-00C04F79EFBC}") = "ExampleListView", "ExampleListView\ExampleListView\ExampleListView.csproj", "{39A591BA-4408-4A59-A647-08E779C73EA6}"
EndProject
Global
	GlobalSection(SolutionConfigurationPlatforms) = preSolution
		Debug|Any CPU = Debug|Any CPU
		Debug|ARM = Debug|ARM
		Debug|x64 = Debug|x64
		Debug|x86 = Debug|x86
		Release|Any CPU = Release|Any CPU
		Release|ARM = Release|ARM
		Release|x64 = Release|x64
		Release|x86 = Release|x86
	EndGlobalSection
	GlobalSection(ProjectConfigurationPlatforms) = postSolution
		{B5650A71-E412-480D-9D8D-7553229A1511}.Debug|Any CPU.ActiveCfg = Debug|Any CPU
		{B5650A71-E412-480D-9D8D-7553229A1511}.Debug|Any CPU.Build.0 = Debug|Any CPU
		{B5650A71-E412-480D-9D8D-7553229A1511}.Debug|Any CPU.Deploy.0 = Debug|Any CPU
		{B5650A71-E412-480D-9D8D-7553229A1511}.Debug|ARM.ActiveCfg = Debug|Any CPU
		{B5650A71-E412-480D-9D8D-7553229A1511}.Debug|ARM.Build.0 = Debug|Any CPU
		{B5650A71-E412-480D-9D8D-7553229A1511}.Debug|ARM.Deploy.0 = Debug|Any CPU
		{B5650A71-E412-480D-9D8D-7553229A1511}.Debug|x64.ActiveCfg = Debug|Any CPU
		{B5650A71-E412-480D-9D8D-7553229A1511}.Debug|x64.Build.0 = Debug|Any CPU
		{B5650A71-E412-480D-9D8D-7553229A1511}.Debug|x64.Deploy.0 = Debug|Any CPU
		{B5650A71-E412-480D-9D8D-7553229A1511}.Debug|x86.ActiveCfg = Debug|Any CPU
		{B5650A71-E412-480D-9D8D-7553229A1511}.Debug|x86.Build.0 = Debug|Any CPU
		{B5650A71-E412-480D-9D8D-7553229A1511}.Debug|x86.Deploy.0 = Debug|Any CPU
		{B5650A71-E412-480D-9D8D-7553229A1511}.Release|Any CPU.ActiveCfg = Release|Any CPU
		{B5650A71-E412-480D-9D8D-7553229A1511}.Release|Any CPU.Build.0 = Release|Any CPU
		{B5650A71-E412-480D-9D8D-7553229A1511}.Release|Any CPU.Deploy.0 = Release|Any CPU
		{B5650A71-E412-480D-9D8D-7553229A1511}.Release|ARM.ActiveCfg = Release|Any CPU
		{B5650A71-E412-480D-9D8D-7553229A1511}.Release|ARM.Build.0 = Release|Any CPU
		{B5650A71-E412-480D-9D8D-7553229A1511}.Release|ARM.Deploy.0 = Release|Any CPU
		{B5650A71-E412-480D-9D8D-7553229A1511}.Release|x64.ActiveCfg = Release|Any CPU
		{B5650A71-E412-480D-9D8D-7553229A1511}.Release|x64.Build.0 = Release|Any CPU
		{B5650A71-E412-480D-9D8D-7553229A1511}.Release|x64.Deploy.0 = Release|Any CPU
		{B5650A71-E412-480D-9D8D-7553229A1511}.Release|x86.ActiveCfg = Release|Any CPU
		{B5650A71-E412-480D-9D8D-7553229A1511}.Release|x86.Build.0 = Release|Any CPU
		{B5650A71-E412-480D-9D8D-7553229A1511}.Release|x86.Deploy.0 = Release|Any CPU
		{7BB3B27F-D875-4E79-9FBD-6F423E7282FC}.Debug|Any CPU.ActiveCfg = Debug|x86
		{7BB3B27F-D875-4E79-9FBD-6F423E7282FC}.Debug|ARM.ActiveCfg = Debug|ARM
		{7BB3B27F-D875-4E79-9FBD-6F423E7282FC}.Debug|ARM.Build.0 = Debug|ARM
		{7BB3B27F-D875-4E79-9FBD-6F423E7282FC}.Debug|ARM.Deploy.0 = Debug|ARM
		{7BB3B27F-D875-4E79-9FBD-6F423E7282FC}.Debug|x64.ActiveCfg = Debug|x64
		{7BB3B27F-D875-4E79-9FBD-6F423E7282FC}.Debug|x64.Build.0 = Debug|x64
		{7BB3B27F-D875-4E79-9FBD-6F423E7282FC}.Debug|x64.Deploy.0 = Debug|x64
		{7BB3B27F-D875-4E79-9FBD-6F423E7282FC}.Debug|x86.ActiveCfg = Debug|x86
		{7BB3B27F-D875-4E79-9FBD-6F423E7282FC}.Debug|x86.Build.0 = Debug|x86
		{7BB3B27F-D875-4E79-9FBD-6F423E7282FC}.Debug|x86.Deploy.0 = Debug|x86
		{7BB3B27F-D875-4E79-9FBD-6F423E7282FC}.Release|Any CPU.ActiveCfg = Release|x86
		{7BB3B27F-D875-4E79-9FBD-6F423E7282FC}.Release|ARM.ActiveCfg = Release|ARM
		{7BB3B27F-D875-4E79-9FBD-6F423E7282FC}.Release|ARM.Build.0 = Release|ARM
		{7BB3B27F-D875-4E79-9FBD-6F423E7282FC}.Release|ARM.Deploy.0 = Release|ARM
		{7BB3B27F-D875-4E79-9FBD-6F423E7282FC}.Release|x64.ActiveCfg = Release|x64
		{7BB3B27F-D875-4E79-9FBD-6F423E7282FC}.Release|x64.Build.0 = Release|x64
		{7BB3B27F-D875-4E79-9FBD-6F423E7282FC}.Release|x64.Deploy.0 = Release|x64
		{7BB3B27F-D875-4E79-9FBD-6F423E7282FC}.Release|x86.ActiveCfg = Release|x86
		{7BB3B27F-D875-4E79-9FBD-6F423E7282FC}.Release|x86.Build.0 = Release|x86
		{7BB3B27F-D875-4E79-9FBD-6F423E7282FC}.Release|x86.Deploy.0 = Release|x86
		{39A591BA-4408-4A59-A647-08E779C73EA6}.Debug|Any CPU.ActiveCfg = Debug|Any CPU
		{39A591BA-4408-4A59-A647-08E779C73EA6}.Debug|Any CPU.Build.0 = Debug|Any CPU
		{39A591BA-4408-4A59-A647-08E779C73EA6}.Debug|ARM.ActiveCfg = Debug|Any CPU
		{39A591BA-4408-4A59-A647-08E779C73EA6}.Debug|ARM.Build.0 = Debug|Any CPU
		{39A591BA-4408-4A59-A647-08E779C73EA6}.Debug|x64.ActiveCfg = Debug|Any CPU
		{39A591BA-4408-4A59-A647-08E779C73EA6}.Debug|x64.Build.0 = Debug|Any CPU
		{39A591BA-4408-4A59-A647-08E779C73EA6}.Debug|x86.ActiveCfg = Debug|Any CPU
		{39A591BA-4408-4A59-A647-08E779C73EA6}.Debug|x86.Build.0 = Debug|Any CPU
		{39A591BA-4408-4A59-A647-08E779C73EA6}.Release|Any CPU.ActiveCfg = Release|Any CPU
		{39A591BA-4408-4A59-A647-08E779C73EA6}.Release|Any CPU.Build.0 = Release|Any CPU
		{39A591BA-4408-4A59-A647-08E779C73EA6}.Release|ARM.ActiveCfg = Release|Any CPU
		{39A591BA-4408-4A59-A647-08E779C73EA6}.Release|ARM.Build.0 = Release|Any CPU
		{39A591BA-4408-4A59-A647-08E779C73EA6}.Release|x64.ActiveCfg = Release|Any CPU
		{39A591BA-4408-4A59-A647-08E779C73EA6}.Release|x64.Build.0 = Release|Any CPU
		{39A591BA-4408-4A59-A647-08E779C73EA6}.Release|x86.ActiveCfg = Release|Any CPU
		{39A591BA-4408-4A59-A647-08E779C73EA6}.Release|x86.Build.0 = Release|Any CPU
	EndGlobalSection
	GlobalSection(SolutionProperties) = preSolution
		HideSolutionNode = FALSE
	EndGlobalSection
	GlobalSection(ExtensibilityGlobals) = postSolution
		SolutionGuid = {155F37E1-AB69-40BE-9304-54ECC6D375D7}
	EndGlobalSection
EndGlobal
